
Microsoft Visual Studio Solution File, Format Version 12.00
# Visual Studio Version 17
VisualStudioVersion = 17.4.33205.214
MinimumVisualStudioVersion = 10.0.40219.1
Project("{FAE04EC0-301F-11D3-BF4B-00C04F79EFBC}") = "HashTable", "HashTable\HashTable.csproj", "{8D956D1F-6AF6-416B-B6B1-5629C2B10D00}"
EndProject
Global
	GlobalSection(SolutionConfigurationPlatforms) = preSolution
		Debug|Any CPU = Debug|Any CPU
		Release|Any CPU = Release|Any CPU
	EndGlobalSection
	GlobalSection(ProjectConfigurationPlatforms) = postSolution
		{8D956D1F-6AF6-416B-B6B1-5629C2B10D00}.Debug|Any CPU.ActiveCfg = Debug|Any CPU
		{8D956D1F-6AF6-416B-B6B1-5629C2B10D00}.Debug|Any CPU.Build.0 = Debug|Any CPU
		{8D956D1F-6AF6-416B-B6B1-5629C2B10D00}.Release|Any CPU.ActiveCfg = Release|Any CPU
		{8D956D1F-6AF6-416B-B6B1-5629C2B10D00}.Release|Any CPU.Build.0 = Release|Any CPU
	EndGlobalSection
	GlobalSection(SolutionProperties) = preSolution
		HideSolutionNode = FALSE
	EndGlobalSection
	GlobalSection(ExtensibilityGlobals) = postSolution
		SolutionGuid = {6E221689-6EC1-4983-A5AB-9F23AB2ED3D6}
	EndGlobalSection
EndGlobal
